
Microsoft Visual Studio Solution File, Format Version 12.00
# Visual Studio Version 16
VisualStudioVersion = 16.0.32106.194
MinimumVisualStudioVersion = 10.0.40219.1
Project("{FAE04EC0-301F-11D3-BF4B-00C04F79EFBC}") = "Tool1", "Tool1\Tool1.csproj", "{29E72793-11BB-4793-8301-19920CCF12CF}"
EndProject
Project("{FAE04EC0-301F-11D3-BF4B-00C04F79EFBC}") = "Tool2", "Tool2\Tool2.csproj", "{8F36348C-A7B4-4E7A-95E9-276A620E38C4}"
EndProject
Project("{FAE04EC0-301F-11D3-BF4B-00C04F79EFBC}") = "tool3", "tool3\tool3.csproj", "{EDB41F26-E7D7-4803-95BA-744DF745ABF0}"
EndProject
Global
	GlobalSection(SolutionConfigurationPlatforms) = preSolution
		Debug|Any CPU = Debug|Any CPU
		Release|Any CPU = Release|Any CPU
	EndGlobalSection
	GlobalSection(ProjectConfigurationPlatforms) = postSolution
		{29E72793-11BB-4793-8301-19920CCF12CF}.Debug|Any CPU.ActiveCfg = Debug|Any CPU
		{29E72793-11BB-4793-8301-19920CCF12CF}.Debug|Any CPU.Build.0 = Debug|Any CPU
		{29E72793-11BB-4793-8301-19920CCF12CF}.Release|Any CPU.ActiveCfg = Release|Any CPU
		{29E72793-11BB-4793-8301-19920CCF12CF}.Release|Any CPU.Build.0 = Release|Any CPU
		{8F36348C-A7B4-4E7A-95E9-276A620E38C4}.Debug|Any CPU.ActiveCfg = Debug|Any CPU
		{8F36348C-A7B4-4E7A-95E9-276A620E38C4}.Debug|Any CPU.Build.0 = Debug|Any CPU
		{8F36348C-A7B4-4E7A-95E9-276A620E38C4}.Release|Any CPU.ActiveCfg = Release|Any CPU
		{8F36348C-A7B4-4E7A-95E9-276A620E38C4}.Release|Any CPU.Build.0 = Release|Any CPU
		{EDB41F26-E7D7-4803-95BA-744DF745ABF0}.Debug|Any CPU.ActiveCfg = Debug|Any CPU
		{EDB41F26-E7D7-4803-95BA-744DF745ABF0}.Debug|Any CPU.Build.0 = Debug|Any CPU
		{EDB41F26-E7D7-4803-95BA-744DF745ABF0}.Release|Any CPU.ActiveCfg = Release|Any CPU
		{EDB41F26-E7D7-4803-95BA-744DF745ABF0}.Release|Any CPU.Build.0 = Release|Any CPU
	EndGlobalSection
	GlobalSection(SolutionProperties) = preSolution
		HideSolutionNode = FALSE
	EndGlobalSection
	GlobalSection(ExtensibilityGlobals) = postSolution
		SolutionGuid = {8F984667-CAA6-498E-B4FA-51FE58F3E7B0}
	EndGlobalSection
EndGlobal
